hash: 0c2c3ef17d04fe8aba037f8b0016ab3f20a3674580105f9ff6568c8c67ad00f8
updated: 2016-08-19T10:16:21.224153958-05:00
imports:
- name: github.com/onsi/ginkgo
  version: 43e2af1f01ace55adbb6d7d0f30416476db1baae
- name: github.com/onsi/gomega
  version: c90bd38f8da6e92f8b114953db2f0ad7361fb4b4
devImports: []
